
Microsoft Visual Studio Solution File, Format Version 12.00
Project("{FAE04EC0-301F-11D3-BF4B-00C04F79EFBC}") = "FastWeatherInfoAPI", "FastWeatherInfoAPI\FastWeatherInfoAPI.csproj", "{92EF9F88-7A8C-4E1D-AB0B-0475D57BF161}"
EndProject
Global
	GlobalSection(SolutionConfigurationPlatforms) = preSolution
		Debug|Any CPU = Debug|Any CPU
		Release|Any CPU = Release|Any CPU
	EndGlobalSection
	GlobalSection(ProjectConfigurationPlatforms) = postSolution
		{92EF9F88-7A8C-4E1D-AB0B-0475D57BF161}.Debug|Any CPU.ActiveCfg = Debug|Any CPU
		{92EF9F88-7A8C-4E1D-AB0B-0475D57BF161}.Debug|Any CPU.Build.0 = Debug|Any CPU
		{92EF9F88-7A8C-4E1D-AB0B-0475D57BF161}.Release|Any CPU.ActiveCfg = Release|Any CPU
		{92EF9F88-7A8C-4E1D-AB0B-0475D57BF161}.Release|Any CPU.Build.0 = Release|Any CPU
	EndGlobalSection
EndGlobal
